
Microsoft Visual Studio Solution File, Format Version 12.00
# Visual Studio Version 16
VisualStudioVersion = 16.0.31005.135
MinimumVisualStudioVersion = 10.0.40219.1
Project("{FAE04EC0-301F-11D3-BF4B-00C04F79EFBC}") = "YAZILIM KAMPI", "YAZILIM KAMPI\YAZILIM KAMPI.csproj", "{D01603EF-B848-4D71-9396-C9AA46932710}"
EndProject
Global
	GlobalSection(SolutionConfigurationPlatforms) = preSolution
		Debug|Any CPU = Debug|Any CPU
		Release|Any CPU = Release|Any CPU
	EndGlobalSection
	GlobalSection(ProjectConfigurationPlatforms) = postSolution
		{D01603EF-B848-4D71-9396-C9AA46932710}.Debug|Any CPU.ActiveCfg = Debug|Any CPU
		{D01603EF-B848-4D71-9396-C9AA46932710}.Debug|Any CPU.Build.0 = Debug|Any CPU
		{D01603EF-B848-4D71-9396-C9AA46932710}.Release|Any CPU.ActiveCfg = Release|Any CPU
		{D01603EF-B848-4D71-9396-C9AA46932710}.Release|Any CPU.Build.0 = Release|Any CPU
	EndGlobalSection
	GlobalSection(SolutionProperties) = preSolution
		HideSolutionNode = FALSE
	EndGlobalSection
	GlobalSection(ExtensibilityGlobals) = postSolution
		SolutionGuid = {62EAF9B8-C322-4064-B8F4-C2ABB2D3CBCA}
	EndGlobalSection
EndGlobal
