
Microsoft Visual Studio Solution File, Format Version 12.00
# Visual Studio Version 16
VisualStudioVersion = 16.0.31005.135
MinimumVisualStudioVersion = 10.0.40219.1
Project("{FAE04EC0-301F-11D3-BF4B-00C04F79EFBC}") = "Interfaces", "Interfaces\Interfaces.csproj", "{34334DEE-BF59-41EA-9F3A-BD846C0D8199}"
EndProject
Global
	GlobalSection(SolutionConfigurationPlatforms) = preSolution
		Debug|Any CPU = Debug|Any CPU
		Release|Any CPU = Release|Any CPU
	EndGlobalSection
	GlobalSection(ProjectConfigurationPlatforms) = postSolution
		{34334DEE-BF59-41EA-9F3A-BD846C0D8199}.Debug|Any CPU.ActiveCfg = Debug|Any CPU
		{34334DEE-BF59-41EA-9F3A-BD846C0D8199}.Debug|Any CPU.Build.0 = Debug|Any CPU
		{34334DEE-BF59-41EA-9F3A-BD846C0D8199}.Release|Any CPU.ActiveCfg = Release|Any CPU
		{34334DEE-BF59-41EA-9F3A-BD846C0D8199}.Release|Any CPU.Build.0 = Release|Any CPU
	EndGlobalSection
	GlobalSection(SolutionProperties) = preSolution
		HideSolutionNode = FALSE
	EndGlobalSection
	GlobalSection(ExtensibilityGlobals) = postSolution
		SolutionGuid = {9803C9B3-928B-4ACB-8A1D-93C0E0725C1B}
	EndGlobalSection
EndGlobal
